
Microsoft Visual Studio Solution File, Format Version 10.00
# Visual Studio 2008
Project("{8BC9CEB8-8B4A-11D0-8D11-00A0C91BC942}") = "T09ANIM", "T09ANIM.vcproj", "{E8CEDFA1-4492-4D91-B4A5-A988E5911E62}"
EndProject
Global
	GlobalSection(SolutionConfigurationPlatforms) = preSolution
		Debug|Win32 = Debug|Win32
		Release|Win32 = Release|Win32
	EndGlobalSection
	GlobalSection(ProjectConfigurationPlatforms) = postSolution
		{E8CEDFA1-4492-4D91-B4A5-A988E5911E62}.Debug|Win32.ActiveCfg = Debug|Win32
		{E8CEDFA1-4492-4D91-B4A5-A988E5911E62}.Debug|Win32.Build.0 = Debug|Win32
		{E8CEDFA1-4492-4D91-B4A5-A988E5911E62}.Release|Win32.ActiveCfg = Release|Win32
		{E8CEDFA1-4492-4D91-B4A5-A988E5911E62}.Release|Win32.Build.0 = Release|Win32
	EndGlobalSection
	GlobalSection(SolutionProperties) = preSolution
		HideSolutionNode = FALSE
	EndGlobalSection
EndGlobal
